// !$*UTF8*$!
{
	archiveVersion = 1;
	classes = {
	};
	objectVersion = 46;
	objects = {

/* Begin PBXBuildFile section */
		34F52F791D0630F800EE2666 /* main.m in Sources */ = {isa = PBXBuildFile; fileRef = 34F52F781D0630F800EE2666 /* main.m */; };
		34F52F7C1D0630F800EE2666 /* AppDelegate.m in Sources */ = {isa = PBXBuildFile; fileRef = 34F52F7B1D0630F800EE2666 /* AppDelegate.m */; };
		34F52F821D0630F800EE2666 /* Main.storyboard in Resources */ = {isa = PBXBuildFile; fileRef = 34F52F801D0630F800EE2666 /* Main.storyboard */; };
		34F52F841D0630F800EE2666 /* Assets.xcassets in Resources */ = {isa = PBXBuildFile; fileRef = 34F52F831D0630F800EE2666 /* Assets.xcassets */; };
		34F52F871D0630F800EE2666 /* LaunchScreen.storyboard in Resources */ = {isa = PBXBuildFile; fileRef = 34F52F851D0630F800EE2666 /* LaunchScreen.storyboard */; };
		34F52F901D06317F00EE2666 /* indianaTableViewController.m in Sources */ = {isa = PBXBuildFile; fileRef = 34F52F8F1D06317F00EE2666 /* indianaTableViewController.m */; };
		34F52F921D06327200EE2666 /* posts.json in Resources */ = {isa = PBXBuildFile; fileRef = 34F52F911D06327200EE2666 /* posts.json */; };
		34F52F951D0632C300EE2666 /* IndyCharacter.m in Sources */ = {isa = PBXBuildFile; fileRef = 34F52F941D0632C300EE2666 /* IndyCharacter.m */; };
/* End PBXBuildFile section */

/* Begin PBXFileReference section */
		34F52F741D0630F800EE2666 /* indianaJonesProject.app */ = {isa = PBXFileReference; explicitFileType = wrapper.application; includeInIndex = 0; path = indianaJonesProject.app; sourceTree = BUILT_PRODUCTS_DIR; };
		34F52F781D0630F800EE2666 /* main.m */ = {isa = PBXFileReference; lastKnownFileType = sourcecode.c.objc; path = main.m; sourceTree = "<group>"; };
		34F52F7A1D0630F800EE2666 /* AppDelegate.h */ = {isa = PBXFileReference; lastKnownFileType = sourcecode.c.h; path = AppDelegate.h; sourceTree = "<group>"; };
		34F52F7B1D0630F800EE2666 /* AppDelegate.m */ = {isa = PBXFileReference; lastKnownFileType = sourcecode.c.objc; path = AppDelegate.m; sourceTree = "<group>"; };
		34F52F811D0630F800EE2666 /* Base */ = {isa = PBXFileReference; lastKnownFileType = file.storyboard; name = Base; path = Base.lproj/Main.storyboard; sourceTree = "<group>"; };
		34F52F831D0630F800EE2666 /* Assets.xcassets */ = {isa = PBXFileReference; lastKnownFileType = folder.assetcatalog; path = Assets.xcassets; sourceTree = "<group>"; };
		34F52F861D0630F800EE2666 /* Base */ = {isa = PBXFileReference; lastKnownFileType = file.storyboard; name = Base; path = Base.lproj/LaunchScreen.storyboard; sourceTree = "<group>"; };
		34F52F881D0630F800EE2666 /* Info.plist */ = {isa = PBXFileReference; lastKnownFileType = text.plist.xml; path = Info.plist; sourceTree = "<group>"; };
		34F52F8E1D06317F00EE2666 /* indianaTableViewController.h */ = {isa = PBXFileReference; fileEncoding = 4; lastKnownFileType = sourcecode.c.h; path = indianaTableViewController.h; sourceTree = "<group>"; };
		34F52F8F1D06317F00EE2666 /* indianaTableViewController.m */ = {isa = PBXFileReference; fileEncoding = 4; lastKnownFileType = sourcecode.c.objc; path = indianaTableViewController.m; sourceTree = "<group>"; };
		34F52F911D06327200EE2666 /* posts.json */ = {isa = PBXFileReference; fileEncoding = 4; lastKnownFileType = text.json; path = posts.json; sourceTree = "<group>"; };
		34F52F931D0632C300EE2666 /* IndyCharacter.h */ = {isa = PBXFileReference; fileEncoding = 4; lastKnownFileType = sourcecode.c.h; path = IndyCharacter.h; sourceTree = "<group>"; };
		34F52F941D0632C300EE2666 /* IndyCharacter.m */ = {isa = PBXFileReference; fileEncoding = 4; lastKnownFileType = sourcecode.c.objc; path = IndyCharacter.m; sourceTree = "<group>"; };
/* End PBXFileReference section */

/* Begin PBXFrameworksBuildPhase section */
		34F52F711D0630F800EE2666 /* Frameworks */ = {
			isa = PBXFrameworksBuildPhase;
			buildActionMask = 2147483647;
			files = (
			);
			runOnlyForDeploymentPostprocessing = 0;
		};
/* End PBXFrameworksBuildPhase section */

/* Begin PBXGroup section */
		34F52F6B1D0630F800EE2666 = {
			isa = PBXGroup;
			children = (
				34F52F761D0630F800EE2666 /* indianaJonesProject */,
				34F52F751D0630F800EE2666 /* Products */,
			);
			sourceTree = "<group>";
		};
		34F52F751D0630F800EE2666 /* Products */ = {
			isa = PBXGroup;
			children = (
				34F52F741D0630F800EE2666 /* indianaJonesProject.app */,
			);
			name = Products;
			sourceTree = "<group>";
		};
		34F52F761D0630F800EE2666 /* indianaJonesProject */ = {
			isa = PBXGroup;
			children = (
				34F52F7A1D0630F800EE2666 /* AppDelegate.h */,
				34F52F7B1D0630F800EE2666 /* AppDelegate.m */,
				34F52F961D0632D700EE2666 /* View Controllers */,
				34F52F971D0632E500EE2666 /* Modals */,
				34F52F801D0630F800EE2666 /* Main.storyboard */,
				34F52F911D06327200EE2666 /* posts.json */,
				34F52F831D0630F800EE2666 /* Assets.xcassets */,
				34F52F851D0630F800EE2666 /* LaunchScreen.storyboard */,
				34F52F881D0630F800EE2666 /* Info.plist */,
				34F52F771D0630F800EE2666 /* Supporting Files */,
			);
			path = indianaJonesProject;
			sourceTree = "<group>";
		};
		34F52F771D0630F800EE2666 /* Supporting Files */ = {
			isa = PBXGroup;
			children = (
				34F52F781D0630F800EE2666 /* main.m */,
			);
			name = "Supporting Files";
			sourceTree = "<group>";
		};
		34F52F961D0632D700EE2666 /* View Controllers */ = {
			isa = PBXGroup;
			children = (
				34F52F8E1D06317F00EE2666 /* indianaTableViewController.h */,
				34F52F8F1D06317F00EE2666 /* indianaTableViewController.m */,
			);
			name = "View Controllers";
			sourceTree = "<group>";
		};
		34F52F971D0632E500EE2666 /* Modals */ = {
			isa = PBXGroup;
			children = (
				34F52F931D0632C300EE2666 /* IndyCharacter.h */,
				34F52F941D0632C300EE2666 /* IndyCharacter.m */,
			);
			name = Modals;
			sourceTree = "<group>";
		};
/* End PBXGroup section */

/* Begin PBXNativeTarget section */
		34F52F731D0630F800EE2666 /* indianaJonesProject */ = {
			isa = PBXNativeTarget;
			buildConfigurationList = 34F52F8B1D0630F800EE2666 /* Build configuration list for PBXNativeTarget "indianaJonesProject" */;
			buildPhases = (
				34F52F701D0630F800EE2666 /* Sources */,
				34F52F711D0630F800EE2666 /* Frameworks */,
				34F52F721D0630F800EE2666 /* Resources */,
			);
			buildRules = (
			);
			dependencies = (
			);
			name = indianaJonesProject;
			productName = indianaJonesProject;
			productReference = 34F52F741D0630F800EE2666 /* indianaJonesProject.app */;
			productType = "com.apple.product-type.application";
		};
/* End PBXNativeTarget section */

/* Begin PBXProject section */
		34F52F6C1D0630F800EE2666 /* Project object */ = {
			isa = PBXProject;
			attributes = {
				LastUpgradeCheck = 0730;
				ORGANIZATIONNAME = FrostEnterprises;
				TargetAttributes = {
					34F52F731D0630F800EE2666 = {
						CreatedOnToolsVersion = 7.3.1;
					};
				};
			};
			buildConfigurationList = 34F52F6F1D0630F800EE2666 /* Build configuration list for PBXProject "indianaJonesProject" */;
			compatibilityVersion = "Xcode 3.2";
			developmentRegion = English;
			hasScannedForEncodings = 0;
			knownRegions = (
				en,
				Base,
			);
			mainGroup = 34F52F6B1D0630F800EE2666;
			productRefGroup = 34F52F751D0630F800EE2666 /* Products */;
			projectDirPath = "";
			projectRoot = "";
			targets = (
				34F52F731D0630F800EE2666 /* indianaJonesProject */,
			);
		};
/* End PBXProject section */

/* Begin PBXResourcesBuildPhase section */
		34F52F721D0630F800EE2666 /* Resources */ = {
			isa = PBXResourcesBuildPhase;
			buildActionMask = 2147483647;
			files = (
				34F52F871D0630F800EE2666 /* LaunchScreen.storyboard in Resources */,
				34F52F841D0630F800EE2666 /* Assets.xcassets in Resources */,
				34F52F821D0630F800EE2666 /* Main.storyboard in Resources */,
				34F52F921D06327200EE2666 /* posts.json in Resources */,
			);
			runOnlyForDeploymentPostprocessing = 0;
		};
/* End PBXResourcesBuildPhase section */

/* Begin PBXSourcesBuildPhase section */
		34F52F701D0630F800EE2666 /* Sources */ = {
			isa = PBXSourcesBuildPhase;
			buildActionMask = 2147483647;
			files = (
				34F52F7C1D0630F800EE2666 /* AppDelegate.m in Sources */,
				34F52F901D06317F00EE2666 /* indianaTableViewController.m in Sources */,
				34F52F791D0630F800EE2666 /* main.m in Sources */,
				34F52F951D0632C300EE2666 /* IndyCharacter.m in Sources */,
			);
			runOnlyForDeploymentPostprocessing = 0;
		};
/* End PBXSourcesBuildPhase section */

/* Begin PBXVariantGroup section */
		34F52F801D0630F800EE2666 /* Main.storyboard */ = {
			isa = PBXVariantGroup;
			children = (
				34F52F811D0630F800EE2666 /* Base */,
			);
			name = Main.storyboard;
			sourceTree = "<group>";
		};
		34F52F851D0630F800EE2666 /* LaunchScreen.storyboard */ = {
			isa = PBXVariantGroup;
			children = (
				34F52F861D0630F800EE2666 /* Base */,
			);
			name = LaunchScreen.storyboard;
			sourceTree = "<group>";
		};
/* End PBXVariantGroup section */

/* Begin XCBuildConfiguration section */
		34F52F891D0630F800EE2666 /* Debug */ = {
			isa = XCBuildConfiguration;
			buildSettings = {
				ALWAYS_SEARCH_USER_PATHS = NO;
				CLANG_ANALYZER_NONNULL = YES;
				CLANG_CXX_LANGUAGE_STANDARD = "gnu++0x";
				CLANG_CXX_LIBRARY = "libc++";
				CLANG_ENABLE_MODULES = YES;
				CLANG_ENABLE_OBJC_ARC = YES;
				CLANG_WARN_BOOL_CONVERSION = YES;
				CLANG_WARN_CONSTANT_CONVERSION = YES;
				CLANG_WARN_DIRECT_OBJC_ISA_USAGE = YES_ERROR;
				CLANG_WARN_EMPTY_BODY = YES;
				CLANG_WARN_ENUM_CONVERSION = YES;
				CLANG_WARN_INT_CONVERSION = YES;
				CLANG_WARN_OBJC_ROOT_CLASS = YES_ERROR;
				CLANG_WARN_UNREACHABLE_CODE = YES;
				CLANG_WARN__DUPLICATE_METHOD_MATCH = YES;
				"CODE_SIGN_IDENTITY[sdk=iphoneos*]" = "iPhone Developer";
				COPY_PHASE_STRIP = NO;
				DEBUG_INFORMATION_FORMAT = dwarf;
				ENABLE_STRICT_OBJC_MSGSEND = YES;
				ENABLE_TESTABILITY = YES;
				GCC_C_LANGUAGE_STANDARD = gnu99;
				GCC_DYNAMIC_NO_PIC = NO;
				GCC_NO_COMMON_BLOCKS = YES;
				GCC_OPTIMIZATION_LEVEL = 0;
				GCC_PREPROCESSOR_DEFINITIONS = (
					"DEBUG=1",
					"$(inherited)",
				);
				GCC_WARN_64_TO_32_BIT_CONVERSION = YES;
				GCC_WARN_ABOUT_RETURN_TYPE = YES_ERROR;
				GCC_WARN_UNDECLARED_SELECTOR = YES;
				GCC_WARN_UNINITIALIZED_AUTOS = YES_AGGRESSIVE;
				GCC_WARN_UNUSED_FUNCTION = YES;
				GCC_WARN_UNUSED_VARIABLE = YES;
				IPHONEOS_DEPLOYMENT_TARGET = 9.3;
				MTL_ENABLE_DEBUG_INFO = YES;
				ONLY_ACTIVE_ARCH = YES;
				SDKROOT = iphoneos;
			};
			name = Debug;
		};
		34F52F8A1D0630F800EE2666 /* Release */ = {
			isa = XCBuildConfiguration;
			buildSettings = {
				ALWAYS_SEARCH_USER_PATHS = NO;
				CLANG_ANALYZER_NONNULL = YES;
				CLANG_CXX_LANGUAGE_STANDARD = "gnu++0x";
				CLANG_CXX_LIBRARY = "libc++";
				CLANG_ENABLE_MODULES = YES;
				CLANG_ENABLE_OBJC_ARC = YES;
				CLANG_WARN_BOOL_CONVERSION = YES;
				CLANG_WARN_CONSTANT_CONVERSION = YES;
				CLANG_WARN_DIRECT_OBJC_ISA_USAGE = YES_ERROR;
				CLANG_WARN_EMPTY_BODY = YES;
				CLANG_WARN_ENUM_CONVERSION = YES;
				CLANG_WARN_INT_CONVERSION = YES;
				CLANG_WARN_OBJC_ROOT_CLASS = YES_ERROR;
				CLANG_WARN_UNREACHABLE_CODE = YES;
				CLANG_WARN__DUPLICATE_METHOD_MATCH = YES;
				"CODE_SIGN_IDENTITY[sdk=iphoneos*]" = "iPhone Developer";
				COPY_PHASE_STRIP = NO;
				DEBUG_INFORMATION_FORMAT = "dwarf-with-dsym";
				ENABLE_NS_ASSERTIONS = NO;
				ENABLE_STRICT_OBJC_MSGSEND = YES;
				GCC_C_LANGUAGE_STANDARD = gnu99;
				GCC_NO_COMMON_BLOCKS = YES;
				GCC_WARN_64_TO_32_BIT_CONVERSION = YES;
				GCC_WARN_ABOUT_RETURN_TYPE = YES_ERROR;
				GCC_WARN_UNDECLARED_SELECTOR = YES;
				GCC_WARN_UNINITIALIZED_AUTOS = YES_AGGRESSIVE;
				GCC_WARN_UNUSED_FUNCTION = YES;
				GCC_WARN_UNUSED_VARIABLE = YES;
				IPHONEOS_DEPLOYMENT_TARGET = 9.3;
				MTL_ENABLE_DEBUG_INFO = NO;
				SDKROOT = iphoneos;
				VALIDATE_PRODUCT = YES;
			};
			name = Release;
		};
		34F52F8C1D0630F800EE2666 /* Debug */ = {
			isa = XCBuildConfiguration;
			buildSettings = {
				ASSETCATALOG_COMPILER_APPICON_NAME = AppIcon;
				INFOPLIST_FILE = indianaJonesProject/Info.plist;
				LD_RUNPATH_SEARCH_PATHS = "$(inherited) @executable_path/Frameworks";
				PRODUCT_BUNDLE_IDENTIFIER = com.FrostEnterprises.indianaJonesProject;
				PRODUCT_NAME = "$(TARGET_NAME)";
			};
			name = Debug;
		};
		34F52F8D1D0630F800EE2666 /* Release */ = {
			isa = XCBuildConfiguration;
			buildSettings = {
				ASSETCATALOG_COMPILER_APPICON_NAME = AppIcon;
				INFOPLIST_FILE = indianaJonesProject/Info.plist;
				LD_RUNPATH_SEARCH_PATHS = "$(inherited) @executable_path/Frameworks";
				PRODUCT_BUNDLE_IDENTIFIER = com.FrostEnterprises.indianaJonesProject;
				PRODUCT_NAME = "$(TARGET_NAME)";
			};
			name = Release;
		};
/* End XCBuildConfiguration section */

/* Begin XCConfigurationList section */
		34F52F6F1D0630F800EE2666 /* Build configuration list for PBXProject "indianaJonesProject" */ = {
			isa = XCConfigurationList;
			buildConfigurations = (
				34F52F891D0630F800EE2666 /* Debug */,
				34F52F8A1D0630F800EE2666 /* Release */,
			);
			defaultConfigurationIsVisible = 0;
			defaultConfigurationName = Release;
		};
		34F52F8B1D0630F800EE2666 /* Build configuration list for PBXNativeTarget "indianaJonesProject" */ = {
			isa = XCConfigurationList;
			buildConfigurations = (
				34F52F8C1D0630F800EE2666 /* Debug */,
				34F52F8D1D0630F800EE2666 /* Release */,
			);
			defaultConfigurationIsVisible = 0;
		};
/* End XCConfigurationList section */
	};
	rootObject = 34F52F6C1D0630F800EE2666 /* Project object */;
}
