// !$*UTF8*$!
{
	archiveVersion = 1;
	classes = {
	};
	objectVersion = 46;
	objects = {

/* Begin PBXBuildFile section */
		34D1462B1CF3922C00C25059 /* main.m in Sources */ = {isa = PBXBuildFile; fileRef = 34D1462A1CF3922C00C25059 /* main.m */; };
		34D1462E1CF3922C00C25059 /* AppDelegate.m in Sources */ = {isa = PBXBuildFile; fileRef = 34D1462D1CF3922C00C25059 /* AppDelegate.m */; };
		34D146311CF3922C00C25059 /* ViewController.m in Sources */ = {isa = PBXBuildFile; fileRef = 34D146301CF3922C00C25059 /* ViewController.m */; };
		34D146341CF3922C00C25059 /* Main.storyboard in Resources */ = {isa = PBXBuildFile; fileRef = 34D146321CF3922C00C25059 /* Main.storyboard */; };
		34D146361CF3922C00C25059 /* Assets.xcassets in Resources */ = {isa = PBXBuildFile; fileRef = 34D146351CF3922C00C25059 /* Assets.xcassets */; };
		34D146391CF3922C00C25059 /* LaunchScreen.storyboard in Resources */ = {isa = PBXBuildFile; fileRef = 34D146371CF3922C00C25059 /* LaunchScreen.storyboard */; };
/* End PBXBuildFile section */

/* Begin PBXFileReference section */
		34D146261CF3922C00C25059 /* Calculator.app */ = {isa = PBXFileReference; explicitFileType = wrapper.application; includeInIndex = 0; path = Calculator.app; sourceTree = BUILT_PRODUCTS_DIR; };
		34D1462A1CF3922C00C25059 /* main.m */ = {isa = PBXFileReference; lastKnownFileType = sourcecode.c.objc; path = main.m; sourceTree = "<group>"; };
		34D1462C1CF3922C00C25059 /* AppDelegate.h */ = {isa = PBXFileReference; lastKnownFileType = sourcecode.c.h; path = AppDelegate.h; sourceTree = "<group>"; };
		34D1462D1CF3922C00C25059 /* AppDelegate.m */ = {isa = PBXFileReference; lastKnownFileType = sourcecode.c.objc; path = AppDelegate.m; sourceTree = "<group>"; };
		34D1462F1CF3922C00C25059 /* ViewController.h */ = {isa = PBXFileReference; lastKnownFileType = sourcecode.c.h; path = ViewController.h; sourceTree = "<group>"; };
		34D146301CF3922C00C25059 /* ViewController.m */ = {isa = PBXFileReference; lastKnownFileType = sourcecode.c.objc; path = ViewController.m; sourceTree = "<group>"; };
		34D146331CF3922C00C25059 /* Base */ = {isa = PBXFileReference; lastKnownFileType = file.storyboard; name = Base; path = Base.lproj/Main.storyboard; sourceTree = "<group>"; };
		34D146351CF3922C00C25059 /* Assets.xcassets */ = {isa = PBXFileReference; lastKnownFileType = folder.assetcatalog; path = Assets.xcassets; sourceTree = "<group>"; };
		34D146381CF3922C00C25059 /* Base */ = {isa = PBXFileReference; lastKnownFileType = file.storyboard; name = Base; path = Base.lproj/LaunchScreen.storyboard; sourceTree = "<group>"; };
		34D1463A1CF3922C00C25059 /* Info.plist */ = {isa = PBXFileReference; lastKnownFileType = text.plist.xml; path = Info.plist; sourceTree = "<group>"; };
/* End PBXFileReference section */

/* Begin PBXFrameworksBuildPhase section */
		34D146231CF3922C00C25059 /* Frameworks */ = {
			isa = PBXFrameworksBuildPhase;
			buildActionMask = 2147483647;
			files = (
			);
			runOnlyForDeploymentPostprocessing = 0;
		};
/* End PBXFrameworksBuildPhase section */

/* Begin PBXGroup section */
		34D1461D1CF3922C00C25059 = {
			isa = PBXGroup;
			children = (
				34D146281CF3922C00C25059 /* Calculator */,
				34D146271CF3922C00C25059 /* Products */,
			);
			sourceTree = "<group>";
		};
		34D146271CF3922C00C25059 /* Products */ = {
			isa = PBXGroup;
			children = (
				34D146261CF3922C00C25059 /* Calculator.app */,
			);
			name = Products;
			sourceTree = "<group>";
		};
		34D146281CF3922C00C25059 /* Calculator */ = {
			isa = PBXGroup;
			children = (
				34D1462C1CF3922C00C25059 /* AppDelegate.h */,
				34D1462D1CF3922C00C25059 /* AppDelegate.m */,
				34D1462F1CF3922C00C25059 /* ViewController.h */,
				34D146301CF3922C00C25059 /* ViewController.m */,
				34D146321CF3922C00C25059 /* Main.storyboard */,
				34D146351CF3922C00C25059 /* Assets.xcassets */,
				34D146371CF3922C00C25059 /* LaunchScreen.storyboard */,
				34D1463A1CF3922C00C25059 /* Info.plist */,
				34D146291CF3922C00C25059 /* Supporting Files */,
			);
			path = Calculator;
			sourceTree = "<group>";
		};
		34D146291CF3922C00C25059 /* Supporting Files */ = {
			isa = PBXGroup;
			children = (
				34D1462A1CF3922C00C25059 /* main.m */,
			);
			name = "Supporting Files";
			sourceTree = "<group>";
		};
/* End PBXGroup section */

/* Begin PBXNativeTarget section */
		34D146251CF3922C00C25059 /* Calculator */ = {
			isa = PBXNativeTarget;
			buildConfigurationList = 34D1463D1CF3922C00C25059 /* Build configuration list for PBXNativeTarget "Calculator" */;
			buildPhases = (
				34D146221CF3922C00C25059 /* Sources */,
				34D146231CF3922C00C25059 /* Frameworks */,
				34D146241CF3922C00C25059 /* Resources */,
			);
			buildRules = (
			);
			dependencies = (
			);
			name = Calculator;
			productName = Calculator;
			productReference = 34D146261CF3922C00C25059 /* Calculator.app */;
			productType = "com.apple.product-type.application";
		};
/* End PBXNativeTarget section */

/* Begin PBXProject section */
		34D1461E1CF3922C00C25059 /* Project object */ = {
			isa = PBXProject;
			attributes = {
				LastUpgradeCheck = 0730;
				ORGANIZATIONNAME = FrostEnterprises;
				TargetAttributes = {
					34D146251CF3922C00C25059 = {
						CreatedOnToolsVersion = 7.3.1;
					};
				};
			};
			buildConfigurationList = 34D146211CF3922C00C25059 /* Build configuration list for PBXProject "Calculator" */;
			compatibilityVersion = "Xcode 3.2";
			developmentRegion = English;
			hasScannedForEncodings = 0;
			knownRegions = (
				en,
				Base,
			);
			mainGroup = 34D1461D1CF3922C00C25059;
			productRefGroup = 34D146271CF3922C00C25059 /* Products */;
			projectDirPath = "";
			projectRoot = "";
			targets = (
				34D146251CF3922C00C25059 /* Calculator */,
			);
		};
/* End PBXProject section */

/* Begin PBXResourcesBuildPhase section */
		34D146241CF3922C00C25059 /* Resources */ = {
			isa = PBXResourcesBuildPhase;
			buildActionMask = 2147483647;
			files = (
				34D146391CF3922C00C25059 /* LaunchScreen.storyboard in Resources */,
				34D146361CF3922C00C25059 /* Assets.xcassets in Resources */,
				34D146341CF3922C00C25059 /* Main.storyboard in Resources */,
			);
			runOnlyForDeploymentPostprocessing = 0;
		};
/* End PBXResourcesBuildPhase section */

/* Begin PBXSourcesBuildPhase section */
		34D146221CF3922C00C25059 /* Sources */ = {
			isa = PBXSourcesBuildPhase;
			buildActionMask = 2147483647;
			files = (
				34D146311CF3922C00C25059 /* ViewController.m in Sources */,
				34D1462E1CF3922C00C25059 /* AppDelegate.m in Sources */,
				34D1462B1CF3922C00C25059 /* main.m in Sources */,
			);
			runOnlyForDeploymentPostprocessing = 0;
		};
/* End PBXSourcesBuildPhase section */

/* Begin PBXVariantGroup section */
		34D146321CF3922C00C25059 /* Main.storyboard */ = {
			isa = PBXVariantGroup;
			children = (
				34D146331CF3922C00C25059 /* Base */,
			);
			name = Main.storyboard;
			sourceTree = "<group>";
		};
		34D146371CF3922C00C25059 /* LaunchScreen.storyboard */ = {
			isa = PBXVariantGroup;
			children = (
				34D146381CF3922C00C25059 /* Base */,
			);
			name = LaunchScreen.storyboard;
			sourceTree = "<group>";
		};
/* End PBXVariantGroup section */

/* Begin XCBuildConfiguration section */
		34D1463B1CF3922C00C25059 /* Debug */ = {
			isa = XCBuildConfiguration;
			buildSettings = {
				ALWAYS_SEARCH_USER_PATHS = NO;
				CLANG_ANALYZER_NONNULL = YES;
				CLANG_CXX_LANGUAGE_STANDARD = "gnu++0x";
				CLANG_CXX_LIBRARY = "libc++";
				CLANG_ENABLE_MODULES = YES;
				CLANG_ENABLE_OBJC_ARC = YES;
				CLANG_WARN_BOOL_CONVERSION = YES;
				CLANG_WARN_CONSTANT_CONVERSION = YES;
				CLANG_WARN_DIRECT_OBJC_ISA_USAGE = YES_ERROR;
				CLANG_WARN_EMPTY_BODY = YES;
				CLANG_WARN_ENUM_CONVERSION = YES;
				CLANG_WARN_INT_CONVERSION = YES;
				CLANG_WARN_OBJC_ROOT_CLASS = YES_ERROR;
				CLANG_WARN_UNREACHABLE_CODE = YES;
				CLANG_WARN__DUPLICATE_METHOD_MATCH = YES;
				"CODE_SIGN_IDENTITY[sdk=iphoneos*]" = "iPhone Developer";
				COPY_PHASE_STRIP = NO;
				DEBUG_INFORMATION_FORMAT = dwarf;
				ENABLE_STRICT_OBJC_MSGSEND = YES;
				ENABLE_TESTABILITY = YES;
				GCC_C_LANGUAGE_STANDARD = gnu99;
				GCC_DYNAMIC_NO_PIC = NO;
				GCC_NO_COMMON_BLOCKS = YES;
				GCC_OPTIMIZATION_LEVEL = 0;
				GCC_PREPROCESSOR_DEFINITIONS = (
					"DEBUG=1",
					"$(inherited)",
				);
				GCC_WARN_64_TO_32_BIT_CONVERSION = YES;
				GCC_WARN_ABOUT_RETURN_TYPE = YES_ERROR;
				GCC_WARN_UNDECLARED_SELECTOR = YES;
				GCC_WARN_UNINITIALIZED_AUTOS = YES_AGGRESSIVE;
				GCC_WARN_UNUSED_FUNCTION = YES;
				GCC_WARN_UNUSED_VARIABLE = YES;
				IPHONEOS_DEPLOYMENT_TARGET = 9.3;
				MTL_ENABLE_DEBUG_INFO = YES;
				ONLY_ACTIVE_ARCH = YES;
				SDKROOT = iphoneos;
			};
			name = Debug;
		};
		34D1463C1CF3922C00C25059 /* Release */ = {
			isa = XCBuildConfiguration;
			buildSettings = {
				ALWAYS_SEARCH_USER_PATHS = NO;
				CLANG_ANALYZER_NONNULL = YES;
				CLANG_CXX_LANGUAGE_STANDARD = "gnu++0x";
				CLANG_CXX_LIBRARY = "libc++";
				CLANG_ENABLE_MODULES = YES;
				CLANG_ENABLE_OBJC_ARC = YES;
				CLANG_WARN_BOOL_CONVERSION = YES;
				CLANG_WARN_CONSTANT_CONVERSION = YES;
				CLANG_WARN_DIRECT_OBJC_ISA_USAGE = YES_ERROR;
				CLANG_WARN_EMPTY_BODY = YES;
				CLANG_WARN_ENUM_CONVERSION = YES;
				CLANG_WARN_INT_CONVERSION = YES;
				CLANG_WARN_OBJC_ROOT_CLASS = YES_ERROR;
				CLANG_WARN_UNREACHABLE_CODE = YES;
				CLANG_WARN__DUPLICATE_METHOD_MATCH = YES;
				"CODE_SIGN_IDENTITY[sdk=iphoneos*]" = "iPhone Developer";
				COPY_PHASE_STRIP = NO;
				DEBUG_INFORMATION_FORMAT = "dwarf-with-dsym";
				ENABLE_NS_ASSERTIONS = NO;
				ENABLE_STRICT_OBJC_MSGSEND = YES;
				GCC_C_LANGUAGE_STANDARD = gnu99;
				GCC_NO_COMMON_BLOCKS = YES;
				GCC_WARN_64_TO_32_BIT_CONVERSION = YES;
				GCC_WARN_ABOUT_RETURN_TYPE = YES_ERROR;
				GCC_WARN_UNDECLARED_SELECTOR = YES;
				GCC_WARN_UNINITIALIZED_AUTOS = YES_AGGRESSIVE;
				GCC_WARN_UNUSED_FUNCTION = YES;
				GCC_WARN_UNUSED_VARIABLE = YES;
				IPHONEOS_DEPLOYMENT_TARGET = 9.3;
				MTL_ENABLE_DEBUG_INFO = NO;
				SDKROOT = iphoneos;
				VALIDATE_PRODUCT = YES;
			};
			name = Release;
		};
		34D1463E1CF3922C00C25059 /* Debug */ = {
			isa = XCBuildConfiguration;
			buildSettings = {
				ASSETCATALOG_COMPILER_APPICON_NAME = AppIcon;
				INFOPLIST_FILE = Calculator/Info.plist;
				LD_RUNPATH_SEARCH_PATHS = "$(inherited) @executable_path/Frameworks";
				PRODUCT_BUNDLE_IDENTIFIER = com.FrostEnterprises.Calculator;
				PRODUCT_NAME = "$(TARGET_NAME)";
			};
			name = Debug;
		};
		34D1463F1CF3922C00C25059 /* Release */ = {
			isa = XCBuildConfiguration;
			buildSettings = {
				ASSETCATALOG_COMPILER_APPICON_NAME = AppIcon;
				INFOPLIST_FILE = Calculator/Info.plist;
				LD_RUNPATH_SEARCH_PATHS = "$(inherited) @executable_path/Frameworks";
				PRODUCT_BUNDLE_IDENTIFIER = com.FrostEnterprises.Calculator;
				PRODUCT_NAME = "$(TARGET_NAME)";
			};
			name = Release;
		};
/* End XCBuildConfiguration section */

/* Begin XCConfigurationList section */
		34D146211CF3922C00C25059 /* Build configuration list for PBXProject "Calculator" */ = {
			isa = XCConfigurationList;
			buildConfigurations = (
				34D1463B1CF3922C00C25059 /* Debug */,
				34D1463C1CF3922C00C25059 /* Release */,
			);
			defaultConfigurationIsVisible = 0;
			defaultConfigurationName = Release;
		};
		34D1463D1CF3922C00C25059 /* Build configuration list for PBXNativeTarget "Calculator" */ = {
			isa = XCConfigurationList;
			buildConfigurations = (
				34D1463E1CF3922C00C25059 /* Debug */,
				34D1463F1CF3922C00C25059 /* Release */,
			);
			defaultConfigurationIsVisible = 0;
		};
/* End XCConfigurationList section */
	};
	rootObject = 34D1461E1CF3922C00C25059 /* Project object */;
}
