// !$*UTF8*$!
{
	archiveVersion = 1;
	classes = {
	};
	objectVersion = 46;
	objects = {

/* Begin PBXBuildFile section */
		D81FD63B1D0E481600D10BDD /* restaurantData.json in Resources */ = {isa = PBXBuildFile; fileRef = D81FD63A1D0E481600D10BDD /* restaurantData.json */; };
		D81FD6411D0F4DDA00D10BDD /* DishTableViewCell.m in Sources */ = {isa = PBXBuildFile; fileRef = D81FD6401D0F4DDA00D10BDD /* DishTableViewCell.m */; };
		D8BA4B591D0A55FF00525CA2 /* main.m in Sources */ = {isa = PBXBuildFile; fileRef = D8BA4B581D0A55FF00525CA2 /* main.m */; };
		D8BA4B5C1D0A55FF00525CA2 /* AppDelegate.m in Sources */ = {isa = PBXBuildFile; fileRef = D8BA4B5B1D0A55FF00525CA2 /* AppDelegate.m */; };
		D8BA4B621D0A560000525CA2 /* Main.storyboard in Resources */ = {isa = PBXBuildFile; fileRef = D8BA4B601D0A560000525CA2 /* Main.storyboard */; };
		D8BA4B641D0A560000525CA2 /* Assets.xcassets in Resources */ = {isa = PBXBuildFile; fileRef = D8BA4B631D0A560000525CA2 /* Assets.xcassets */; };
		D8BA4B671D0A560000525CA2 /* LaunchScreen.storyboard in Resources */ = {isa = PBXBuildFile; fileRef = D8BA4B651D0A560000525CA2 /* LaunchScreen.storyboard */; };
		D8BA4B701D0A5C4900525CA2 /* LoginViewController.m in Sources */ = {isa = PBXBuildFile; fileRef = D8BA4B6F1D0A5C4900525CA2 /* LoginViewController.m */; };
		D8BA4B741D0A5C9A00525CA2 /* HomeViewController.m in Sources */ = {isa = PBXBuildFile; fileRef = D8BA4B731D0A5C9A00525CA2 /* HomeViewController.m */; };
		D8BA4B771D0A5D4F00525CA2 /* AboutViewController.m in Sources */ = {isa = PBXBuildFile; fileRef = D8BA4B761D0A5D4F00525CA2 /* AboutViewController.m */; };
		D8BA4B7A1D0A5DA400525CA2 /* RestaurantViewController.m in Sources */ = {isa = PBXBuildFile; fileRef = D8BA4B791D0A5DA400525CA2 /* RestaurantViewController.m */; };
		D8BA4B7D1D0A5E0D00525CA2 /* MenuViewController.m in Sources */ = {isa = PBXBuildFile; fileRef = D8BA4B7C1D0A5E0D00525CA2 /* MenuViewController.m */; };
		D8BA4B801D0A5E2300525CA2 /* RateDishViewController.m in Sources */ = {isa = PBXBuildFile; fileRef = D8BA4B7F1D0A5E2300525CA2 /* RateDishViewController.m */; };
		D8BA4BB41D0D25F900525CA2 /* Restaurant.m in Sources */ = {isa = PBXBuildFile; fileRef = D8BA4BB31D0D25F900525CA2 /* Restaurant.m */; };
		D8BA4BB81D0D266E00525CA2 /* Dish.m in Sources */ = {isa = PBXBuildFile; fileRef = D8BA4BB71D0D266E00525CA2 /* Dish.m */; };
		D8BA4BBD1D0DF17300525CA2 /* RestaurantTableViewCell.m in Sources */ = {isa = PBXBuildFile; fileRef = D8BA4BBC1D0DF17300525CA2 /* RestaurantTableViewCell.m */; };
/* End PBXBuildFile section */

/* Begin PBXFileReference section */
		D81FD63A1D0E481600D10BDD /* restaurantData.json */ = {isa = PBXFileReference; fileEncoding = 4; lastKnownFileType = text.json; path = restaurantData.json; sourceTree = "<group>"; };
		D81FD63F1D0F4DDA00D10BDD /* DishTableViewCell.h */ = {isa = PBXFileReference; fileEncoding = 4; lastKnownFileType = sourcecode.c.h; path = DishTableViewCell.h; sourceTree = "<group>"; };
		D81FD6401D0F4DDA00D10BDD /* DishTableViewCell.m */ = {isa = PBXFileReference; fileEncoding = 4; lastKnownFileType = sourcecode.c.objc; path = DishTableViewCell.m; sourceTree = "<group>"; };
		D8BA4B541D0A55FF00525CA2 /* 14 DineRank.app */ = {isa = PBXFileReference; explicitFileType = wrapper.application; includeInIndex = 0; path = "14 DineRank.app"; sourceTree = BUILT_PRODUCTS_DIR; };
		D8BA4B581D0A55FF00525CA2 /* main.m */ = {isa = PBXFileReference; lastKnownFileType = sourcecode.c.objc; path = main.m; sourceTree = "<group>"; };
		D8BA4B5A1D0A55FF00525CA2 /* AppDelegate.h */ = {isa = PBXFileReference; lastKnownFileType = sourcecode.c.h; path = AppDelegate.h; sourceTree = "<group>"; };
		D8BA4B5B1D0A55FF00525CA2 /* AppDelegate.m */ = {isa = PBXFileReference; lastKnownFileType = sourcecode.c.objc; path = AppDelegate.m; sourceTree = "<group>"; };
		D8BA4B611D0A560000525CA2 /* Base */ = {isa = PBXFileReference; lastKnownFileType = file.storyboard; name = Base; path = Base.lproj/Main.storyboard; sourceTree = "<group>"; };
		D8BA4B631D0A560000525CA2 /* Assets.xcassets */ = {isa = PBXFileReference; lastKnownFileType = folder.assetcatalog; path = Assets.xcassets; sourceTree = "<group>"; };
		D8BA4B661D0A560000525CA2 /* Base */ = {isa = PBXFileReference; lastKnownFileType = file.storyboard; name = Base; path = Base.lproj/LaunchScreen.storyboard; sourceTree = "<group>"; };
		D8BA4B681D0A560000525CA2 /* Info.plist */ = {isa = PBXFileReference; lastKnownFileType = text.plist.xml; path = Info.plist; sourceTree = "<group>"; };
		D8BA4B6E1D0A5C4900525CA2 /* LoginViewController.h */ = {isa = PBXFileReference; fileEncoding = 4; lastKnownFileType = sourcecode.c.h; path = LoginViewController.h; sourceTree = "<group>"; };
		D8BA4B6F1D0A5C4900525CA2 /* LoginViewController.m */ = {isa = PBXFileReference; fileEncoding = 4; lastKnownFileType = sourcecode.c.objc; path = LoginViewController.m; sourceTree = "<group>"; };
		D8BA4B721D0A5C9A00525CA2 /* HomeViewController.h */ = {isa = PBXFileReference; fileEncoding = 4; lastKnownFileType = sourcecode.c.h; path = HomeViewController.h; sourceTree = "<group>"; };
		D8BA4B731D0A5C9A00525CA2 /* HomeViewController.m */ = {isa = PBXFileReference; fileEncoding = 4; lastKnownFileType = sourcecode.c.objc; path = HomeViewController.m; sourceTree = "<group>"; };
		D8BA4B751D0A5D4F00525CA2 /* AboutViewController.h */ = {isa = PBXFileReference; fileEncoding = 4; lastKnownFileType = sourcecode.c.h; path = AboutViewController.h; sourceTree = "<group>"; };
		D8BA4B761D0A5D4F00525CA2 /* AboutViewController.m */ = {isa = PBXFileReference; fileEncoding = 4; lastKnownFileType = sourcecode.c.objc; path = AboutViewController.m; sourceTree = "<group>"; };
		D8BA4B781D0A5DA400525CA2 /* RestaurantViewController.h */ = {isa = PBXFileReference; fileEncoding = 4; lastKnownFileType = sourcecode.c.h; path = RestaurantViewController.h; sourceTree = "<group>"; };
		D8BA4B791D0A5DA400525CA2 /* RestaurantViewController.m */ = {isa = PBXFileReference; fileEncoding = 4; lastKnownFileType = sourcecode.c.objc; path = RestaurantViewController.m; sourceTree = "<group>"; };
		D8BA4B7B1D0A5E0D00525CA2 /* MenuViewController.h */ = {isa = PBXFileReference; fileEncoding = 4; lastKnownFileType = sourcecode.c.h; path = MenuViewController.h; sourceTree = "<group>"; };
		D8BA4B7C1D0A5E0D00525CA2 /* MenuViewController.m */ = {isa = PBXFileReference; fileEncoding = 4; lastKnownFileType = sourcecode.c.objc; path = MenuViewController.m; sourceTree = "<group>"; };
		D8BA4B7E1D0A5E2300525CA2 /* RateDishViewController.h */ = {isa = PBXFileReference; fileEncoding = 4; lastKnownFileType = sourcecode.c.h; path = RateDishViewController.h; sourceTree = "<group>"; };
		D8BA4B7F1D0A5E2300525CA2 /* RateDishViewController.m */ = {isa = PBXFileReference; fileEncoding = 4; lastKnownFileType = sourcecode.c.objc; path = RateDishViewController.m; sourceTree = "<group>"; };
		D8BA4BB21D0D25F900525CA2 /* Restaurant.h */ = {isa = PBXFileReference; fileEncoding = 4; lastKnownFileType = sourcecode.c.h; path = Restaurant.h; sourceTree = "<group>"; };
		D8BA4BB31D0D25F900525CA2 /* Restaurant.m */ = {isa = PBXFileReference; fileEncoding = 4; lastKnownFileType = sourcecode.c.objc; path = Restaurant.m; sourceTree = "<group>"; };
		D8BA4BB61D0D266E00525CA2 /* Dish.h */ = {isa = PBXFileReference; fileEncoding = 4; lastKnownFileType = sourcecode.c.h; path = Dish.h; sourceTree = "<group>"; };
		D8BA4BB71D0D266E00525CA2 /* Dish.m */ = {isa = PBXFileReference; fileEncoding = 4; lastKnownFileType = sourcecode.c.objc; path = Dish.m; sourceTree = "<group>"; };
		D8BA4BBB1D0DF17300525CA2 /* RestaurantTableViewCell.h */ = {isa = PBXFileReference; fileEncoding = 4; lastKnownFileType = sourcecode.c.h; path = RestaurantTableViewCell.h; sourceTree = "<group>"; };
		D8BA4BBC1D0DF17300525CA2 /* RestaurantTableViewCell.m */ = {isa = PBXFileReference; fileEncoding = 4; lastKnownFileType = sourcecode.c.objc; path = RestaurantTableViewCell.m; sourceTree = "<group>"; };
/* End PBXFileReference section */

/* Begin PBXFrameworksBuildPhase section */
		D8BA4B511D0A55FF00525CA2 /* Frameworks */ = {
			isa = PBXFrameworksBuildPhase;
			buildActionMask = 2147483647;
			files = (
			);
			runOnlyForDeploymentPostprocessing = 0;
		};
/* End PBXFrameworksBuildPhase section */

/* Begin PBXGroup section */
		D8BA4B4B1D0A55FF00525CA2 = {
			isa = PBXGroup;
			children = (
				D8BA4B561D0A55FF00525CA2 /* 14 DineRank */,
				D8BA4B551D0A55FF00525CA2 /* Products */,
			);
			sourceTree = "<group>";
		};
		D8BA4B551D0A55FF00525CA2 /* Products */ = {
			isa = PBXGroup;
			children = (
				D8BA4B541D0A55FF00525CA2 /* 14 DineRank.app */,
			);
			name = Products;
			sourceTree = "<group>";
		};
		D8BA4B561D0A55FF00525CA2 /* 14 DineRank */ = {
			isa = PBXGroup;
			children = (
				D8BA4B5A1D0A55FF00525CA2 /* AppDelegate.h */,
				D8BA4B5B1D0A55FF00525CA2 /* AppDelegate.m */,
				D8BA4BBE1D0DF18100525CA2 /* Views */,
				D8BA4B711D0A5C5000525CA2 /* Controllers */,
				D8BA4BB51D0D261200525CA2 /* Models */,
				D8BA4B601D0A560000525CA2 /* Main.storyboard */,
				D81FD63A1D0E481600D10BDD /* restaurantData.json */,
				D8BA4B631D0A560000525CA2 /* Assets.xcassets */,
				D8BA4B651D0A560000525CA2 /* LaunchScreen.storyboard */,
				D8BA4B681D0A560000525CA2 /* Info.plist */,
				D8BA4B571D0A55FF00525CA2 /* Supporting Files */,
			);
			path = "14 DineRank";
			sourceTree = "<group>";
		};
		D8BA4B571D0A55FF00525CA2 /* Supporting Files */ = {
			isa = PBXGroup;
			children = (
				D8BA4B581D0A55FF00525CA2 /* main.m */,
			);
			name = "Supporting Files";
			sourceTree = "<group>";
		};
		D8BA4B711D0A5C5000525CA2 /* Controllers */ = {
			isa = PBXGroup;
			children = (
				D8BA4B6E1D0A5C4900525CA2 /* LoginViewController.h */,
				D8BA4B6F1D0A5C4900525CA2 /* LoginViewController.m */,
				D8BA4B721D0A5C9A00525CA2 /* HomeViewController.h */,
				D8BA4B731D0A5C9A00525CA2 /* HomeViewController.m */,
				D8BA4B751D0A5D4F00525CA2 /* AboutViewController.h */,
				D8BA4B761D0A5D4F00525CA2 /* AboutViewController.m */,
				D8BA4B781D0A5DA400525CA2 /* RestaurantViewController.h */,
				D8BA4B791D0A5DA400525CA2 /* RestaurantViewController.m */,
				D8BA4B7B1D0A5E0D00525CA2 /* MenuViewController.h */,
				D8BA4B7C1D0A5E0D00525CA2 /* MenuViewController.m */,
				D8BA4B7E1D0A5E2300525CA2 /* RateDishViewController.h */,
				D8BA4B7F1D0A5E2300525CA2 /* RateDishViewController.m */,
			);
			name = Controllers;
			sourceTree = "<group>";
		};
		D8BA4BB51D0D261200525CA2 /* Models */ = {
			isa = PBXGroup;
			children = (
				D8BA4BB21D0D25F900525CA2 /* Restaurant.h */,
				D8BA4BB31D0D25F900525CA2 /* Restaurant.m */,
				D8BA4BB61D0D266E00525CA2 /* Dish.h */,
				D8BA4BB71D0D266E00525CA2 /* Dish.m */,
			);
			name = Models;
			path = ..;
			sourceTree = "<group>";
		};
		D8BA4BBE1D0DF18100525CA2 /* Views */ = {
			isa = PBXGroup;
			children = (
				D8BA4BBB1D0DF17300525CA2 /* RestaurantTableViewCell.h */,
				D8BA4BBC1D0DF17300525CA2 /* RestaurantTableViewCell.m */,
				D81FD63F1D0F4DDA00D10BDD /* DishTableViewCell.h */,
				D81FD6401D0F4DDA00D10BDD /* DishTableViewCell.m */,
			);
			name = Views;
			path = ..;
			sourceTree = "<group>";
		};
/* End PBXGroup section */

/* Begin PBXNativeTarget section */
		D8BA4B531D0A55FF00525CA2 /* 14 DineRank */ = {
			isa = PBXNativeTarget;
			buildConfigurationList = D8BA4B6B1D0A560000525CA2 /* Build configuration list for PBXNativeTarget "14 DineRank" */;
			buildPhases = (
				D8BA4B501D0A55FF00525CA2 /* Sources */,
				D8BA4B511D0A55FF00525CA2 /* Frameworks */,
				D8BA4B521D0A55FF00525CA2 /* Resources */,
			);
			buildRules = (
			);
			dependencies = (
			);
			name = "14 DineRank";
			productName = "14 DineRank";
			productReference = D8BA4B541D0A55FF00525CA2 /* 14 DineRank.app */;
			productType = "com.apple.product-type.application";
		};
/* End PBXNativeTarget section */

/* Begin PBXProject section */
		D8BA4B4C1D0A55FF00525CA2 /* Project object */ = {
			isa = PBXProject;
			attributes = {
				LastUpgradeCheck = 0730;
				ORGANIZATIONNAME = "Iron Yard_Joe Moss";
				TargetAttributes = {
					D8BA4B531D0A55FF00525CA2 = {
						CreatedOnToolsVersion = 7.3.1;
					};
				};
			};
			buildConfigurationList = D8BA4B4F1D0A55FF00525CA2 /* Build configuration list for PBXProject "14 DineRank" */;
			compatibilityVersion = "Xcode 3.2";
			developmentRegion = English;
			hasScannedForEncodings = 0;
			knownRegions = (
				en,
				Base,
			);
			mainGroup = D8BA4B4B1D0A55FF00525CA2;
			productRefGroup = D8BA4B551D0A55FF00525CA2 /* Products */;
			projectDirPath = "";
			projectRoot = "";
			targets = (
				D8BA4B531D0A55FF00525CA2 /* 14 DineRank */,
			);
		};
/* End PBXProject section */

/* Begin PBXResourcesBuildPhase section */
		D8BA4B521D0A55FF00525CA2 /* Resources */ = {
			isa = PBXResourcesBuildPhase;
			buildActionMask = 2147483647;
			files = (
				D8BA4B671D0A560000525CA2 /* LaunchScreen.storyboard in Resources */,
				D8BA4B641D0A560000525CA2 /* Assets.xcassets in Resources */,
				D81FD63B1D0E481600D10BDD /* restaurantData.json in Resources */,
				D8BA4B621D0A560000525CA2 /* Main.storyboard in Resources */,
			);
			runOnlyForDeploymentPostprocessing = 0;
		};
/* End PBXResourcesBuildPhase section */

/* Begin PBXSourcesBuildPhase section */
		D8BA4B501D0A55FF00525CA2 /* Sources */ = {
			isa = PBXSourcesBuildPhase;
			buildActionMask = 2147483647;
			files = (
				D8BA4BBD1D0DF17300525CA2 /* RestaurantTableViewCell.m in Sources */,
				D81FD6411D0F4DDA00D10BDD /* DishTableViewCell.m in Sources */,
				D8BA4B5C1D0A55FF00525CA2 /* AppDelegate.m in Sources */,
				D8BA4B771D0A5D4F00525CA2 /* AboutViewController.m in Sources */,
				D8BA4B591D0A55FF00525CA2 /* main.m in Sources */,
				D8BA4B7A1D0A5DA400525CA2 /* RestaurantViewController.m in Sources */,
				D8BA4BB41D0D25F900525CA2 /* Restaurant.m in Sources */,
				D8BA4BB81D0D266E00525CA2 /* Dish.m in Sources */,
				D8BA4B7D1D0A5E0D00525CA2 /* MenuViewController.m in Sources */,
				D8BA4B701D0A5C4900525CA2 /* LoginViewController.m in Sources */,
				D8BA4B801D0A5E2300525CA2 /* RateDishViewController.m in Sources */,
				D8BA4B741D0A5C9A00525CA2 /* HomeViewController.m in Sources */,
			);
			runOnlyForDeploymentPostprocessing = 0;
		};
/* End PBXSourcesBuildPhase section */

/* Begin PBXVariantGroup section */
		D8BA4B601D0A560000525CA2 /* Main.storyboard */ = {
			isa = PBXVariantGroup;
			children = (
				D8BA4B611D0A560000525CA2 /* Base */,
			);
			name = Main.storyboard;
			sourceTree = "<group>";
		};
		D8BA4B651D0A560000525CA2 /* LaunchScreen.storyboard */ = {
			isa = PBXVariantGroup;
			children = (
				D8BA4B661D0A560000525CA2 /* Base */,
			);
			name = LaunchScreen.storyboard;
			sourceTree = "<group>";
		};
/* End PBXVariantGroup section */

/* Begin XCBuildConfiguration section */
		D8BA4B691D0A560000525CA2 /* Debug */ = {
			isa = XCBuildConfiguration;
			buildSettings = {
				ALWAYS_SEARCH_USER_PATHS = NO;
				CLANG_ANALYZER_NONNULL = YES;
				CLANG_CXX_LANGUAGE_STANDARD = "gnu++0x";
				CLANG_CXX_LIBRARY = "libc++";
				CLANG_ENABLE_MODULES = YES;
				CLANG_ENABLE_OBJC_ARC = YES;
				CLANG_WARN_BOOL_CONVERSION = YES;
				CLANG_WARN_CONSTANT_CONVERSION = YES;
				CLANG_WARN_DIRECT_OBJC_ISA_USAGE = YES_ERROR;
				CLANG_WARN_EMPTY_BODY = YES;
				CLANG_WARN_ENUM_CONVERSION = YES;
				CLANG_WARN_INT_CONVERSION = YES;
				CLANG_WARN_OBJC_ROOT_CLASS = YES_ERROR;
				CLANG_WARN_UNREACHABLE_CODE = YES;
				CLANG_WARN__DUPLICATE_METHOD_MATCH = YES;
				"CODE_SIGN_IDENTITY[sdk=iphoneos*]" = "iPhone Developer";
				COPY_PHASE_STRIP = NO;
				DEBUG_INFORMATION_FORMAT = dwarf;
				ENABLE_STRICT_OBJC_MSGSEND = YES;
				ENABLE_TESTABILITY = YES;
				GCC_C_LANGUAGE_STANDARD = gnu99;
				GCC_DYNAMIC_NO_PIC = NO;
				GCC_NO_COMMON_BLOCKS = YES;
				GCC_OPTIMIZATION_LEVEL = 0;
				GCC_PREPROCESSOR_DEFINITIONS = (
					"DEBUG=1",
					"$(inherited)",
				);
				GCC_WARN_64_TO_32_BIT_CONVERSION = YES;
				GCC_WARN_ABOUT_RETURN_TYPE = YES_ERROR;
				GCC_WARN_UNDECLARED_SELECTOR = YES;
				GCC_WARN_UNINITIALIZED_AUTOS = YES_AGGRESSIVE;
				GCC_WARN_UNUSED_FUNCTION = YES;
				GCC_WARN_UNUSED_VARIABLE = YES;
				IPHONEOS_DEPLOYMENT_TARGET = 9.3;
				MTL_ENABLE_DEBUG_INFO = YES;
				ONLY_ACTIVE_ARCH = YES;
				SDKROOT = iphoneos;
			};
			name = Debug;
		};
		D8BA4B6A1D0A560000525CA2 /* Release */ = {
			isa = XCBuildConfiguration;
			buildSettings = {
				ALWAYS_SEARCH_USER_PATHS = NO;
				CLANG_ANALYZER_NONNULL = YES;
				CLANG_CXX_LANGUAGE_STANDARD = "gnu++0x";
				CLANG_CXX_LIBRARY = "libc++";
				CLANG_ENABLE_MODULES = YES;
				CLANG_ENABLE_OBJC_ARC = YES;
				CLANG_WARN_BOOL_CONVERSION = YES;
				CLANG_WARN_CONSTANT_CONVERSION = YES;
				CLANG_WARN_DIRECT_OBJC_ISA_USAGE = YES_ERROR;
				CLANG_WARN_EMPTY_BODY = YES;
				CLANG_WARN_ENUM_CONVERSION = YES;
				CLANG_WARN_INT_CONVERSION = YES;
				CLANG_WARN_OBJC_ROOT_CLASS = YES_ERROR;
				CLANG_WARN_UNREACHABLE_CODE = YES;
				CLANG_WARN__DUPLICATE_METHOD_MATCH = YES;
				"CODE_SIGN_IDENTITY[sdk=iphoneos*]" = "iPhone Developer";
				COPY_PHASE_STRIP = NO;
				DEBUG_INFORMATION_FORMAT = "dwarf-with-dsym";
				ENABLE_NS_ASSERTIONS = NO;
				ENABLE_STRICT_OBJC_MSGSEND = YES;
				GCC_C_LANGUAGE_STANDARD = gnu99;
				GCC_NO_COMMON_BLOCKS = YES;
				GCC_WARN_64_TO_32_BIT_CONVERSION = YES;
				GCC_WARN_ABOUT_RETURN_TYPE = YES_ERROR;
				GCC_WARN_UNDECLARED_SELECTOR = YES;
				GCC_WARN_UNINITIALIZED_AUTOS = YES_AGGRESSIVE;
				GCC_WARN_UNUSED_FUNCTION = YES;
				GCC_WARN_UNUSED_VARIABLE = YES;
				IPHONEOS_DEPLOYMENT_TARGET = 9.3;
				MTL_ENABLE_DEBUG_INFO = NO;
				SDKROOT = iphoneos;
				VALIDATE_PRODUCT = YES;
			};
			name = Release;
		};
		D8BA4B6C1D0A560000525CA2 /* Debug */ = {
			isa = XCBuildConfiguration;
			buildSettings = {
				ASSETCATALOG_COMPILER_APPICON_NAME = AppIcon;
				INFOPLIST_FILE = "14 DineRank/Info.plist";
				LD_RUNPATH_SEARCH_PATHS = "$(inherited) @executable_path/Frameworks";
				PRODUCT_BUNDLE_IDENTIFIER = "com.joe.-4-DineRank";
				PRODUCT_NAME = "$(TARGET_NAME)";
			};
			name = Debug;
		};
		D8BA4B6D1D0A560000525CA2 /* Release */ = {
			isa = XCBuildConfiguration;
			buildSettings = {
				ASSETCATALOG_COMPILER_APPICON_NAME = AppIcon;
				INFOPLIST_FILE = "14 DineRank/Info.plist";
				LD_RUNPATH_SEARCH_PATHS = "$(inherited) @executable_path/Frameworks";
				PRODUCT_BUNDLE_IDENTIFIER = "com.joe.-4-DineRank";
				PRODUCT_NAME = "$(TARGET_NAME)";
			};
			name = Release;
		};
/* End XCBuildConfiguration section */

/* Begin XCConfigurationList section */
		D8BA4B4F1D0A55FF00525CA2 /* Build configuration list for PBXProject "14 DineRank" */ = {
			isa = XCConfigurationList;
			buildConfigurations = (
				D8BA4B691D0A560000525CA2 /* Debug */,
				D8BA4B6A1D0A560000525CA2 /* Release */,
			);
			defaultConfigurationIsVisible = 0;
			defaultConfigurationName = Release;
		};
		D8BA4B6B1D0A560000525CA2 /* Build configuration list for PBXNativeTarget "14 DineRank" */ = {
			isa = XCConfigurationList;
			buildConfigurations = (
				D8BA4B6C1D0A560000525CA2 /* Debug */,
				D8BA4B6D1D0A560000525CA2 /* Release */,
			);
			defaultConfigurationIsVisible = 0;
			defaultConfigurationName = Release;
		};
/* End XCConfigurationList section */
	};
	rootObject = D8BA4B4C1D0A55FF00525CA2 /* Project object */;
}
