// !$*UTF8*$!
{
	archiveVersion = 1;
	classes = {
	};
	objectVersion = 46;
	objects = {

/* Begin PBXBuildFile section */
		349A1A181CF659EB00DBD45F /* main.m in Sources */ = {isa = PBXBuildFile; fileRef = 349A1A171CF659EB00DBD45F /* main.m */; };
		349A1A1B1CF659EB00DBD45F /* AppDelegate.m in Sources */ = {isa = PBXBuildFile; fileRef = 349A1A1A1CF659EB00DBD45F /* AppDelegate.m */; };
		349A1A1E1CF659EB00DBD45F /* ViewController.m in Sources */ = {isa = PBXBuildFile; fileRef = 349A1A1D1CF659EB00DBD45F /* ViewController.m */; };
		349A1A211CF659EB00DBD45F /* Main.storyboard in Resources */ = {isa = PBXBuildFile; fileRef = 349A1A1F1CF659EB00DBD45F /* Main.storyboard */; };
		349A1A231CF659EB00DBD45F /* Assets.xcassets in Resources */ = {isa = PBXBuildFile; fileRef = 349A1A221CF659EB00DBD45F /* Assets.xcassets */; };
		349A1A261CF659EB00DBD45F /* LaunchScreen.storyboard in Resources */ = {isa = PBXBuildFile; fileRef = 349A1A241CF659EB00DBD45F /* LaunchScreen.storyboard */; };
/* End PBXBuildFile section */

/* Begin PBXFileReference section */
		349A1A131CF659EB00DBD45F /* day3Assignment.app */ = {isa = PBXFileReference; explicitFileType = wrapper.application; includeInIndex = 0; path = day3Assignment.app; sourceTree = BUILT_PRODUCTS_DIR; };
		349A1A171CF659EB00DBD45F /* main.m */ = {isa = PBXFileReference; lastKnownFileType = sourcecode.c.objc; path = main.m; sourceTree = "<group>"; };
		349A1A191CF659EB00DBD45F /* AppDelegate.h */ = {isa = PBXFileReference; lastKnownFileType = sourcecode.c.h; path = AppDelegate.h; sourceTree = "<group>"; };
		349A1A1A1CF659EB00DBD45F /* AppDelegate.m */ = {isa = PBXFileReference; lastKnownFileType = sourcecode.c.objc; path = AppDelegate.m; sourceTree = "<group>"; };
		349A1A1C1CF659EB00DBD45F /* ViewController.h */ = {isa = PBXFileReference; lastKnownFileType = sourcecode.c.h; path = ViewController.h; sourceTree = "<group>"; };
		349A1A1D1CF659EB00DBD45F /* ViewController.m */ = {isa = PBXFileReference; lastKnownFileType = sourcecode.c.objc; path = ViewController.m; sourceTree = "<group>"; };
		349A1A201CF659EB00DBD45F /* Base */ = {isa = PBXFileReference; lastKnownFileType = file.storyboard; name = Base; path = Base.lproj/Main.storyboard; sourceTree = "<group>"; };
		349A1A221CF659EB00DBD45F /* Assets.xcassets */ = {isa = PBXFileReference; lastKnownFileType = folder.assetcatalog; path = Assets.xcassets; sourceTree = "<group>"; };
		349A1A251CF659EB00DBD45F /* Base */ = {isa = PBXFileReference; lastKnownFileType = file.storyboard; name = Base; path = Base.lproj/LaunchScreen.storyboard; sourceTree = "<group>"; };
		349A1A271CF659EB00DBD45F /* Info.plist */ = {isa = PBXFileReference; lastKnownFileType = text.plist.xml; path = Info.plist; sourceTree = "<group>"; };
/* End PBXFileReference section */

/* Begin PBXFrameworksBuildPhase section */
		349A1A101CF659EB00DBD45F /* Frameworks */ = {
			isa = PBXFrameworksBuildPhase;
			buildActionMask = 2147483647;
			files = (
			);
			runOnlyForDeploymentPostprocessing = 0;
		};
/* End PBXFrameworksBuildPhase section */

/* Begin PBXGroup section */
		349A1A0A1CF659EB00DBD45F = {
			isa = PBXGroup;
			children = (
				349A1A151CF659EB00DBD45F /* day3Assignment */,
				349A1A141CF659EB00DBD45F /* Products */,
			);
			sourceTree = "<group>";
		};
		349A1A141CF659EB00DBD45F /* Products */ = {
			isa = PBXGroup;
			children = (
				349A1A131CF659EB00DBD45F /* day3Assignment.app */,
			);
			name = Products;
			sourceTree = "<group>";
		};
		349A1A151CF659EB00DBD45F /* day3Assignment */ = {
			isa = PBXGroup;
			children = (
				349A1A191CF659EB00DBD45F /* AppDelegate.h */,
				349A1A1A1CF659EB00DBD45F /* AppDelegate.m */,
				349A1A1C1CF659EB00DBD45F /* ViewController.h */,
				349A1A1D1CF659EB00DBD45F /* ViewController.m */,
				349A1A1F1CF659EB00DBD45F /* Main.storyboard */,
				349A1A221CF659EB00DBD45F /* Assets.xcassets */,
				349A1A241CF659EB00DBD45F /* LaunchScreen.storyboard */,
				349A1A271CF659EB00DBD45F /* Info.plist */,
				349A1A161CF659EB00DBD45F /* Supporting Files */,
			);
			path = day3Assignment;
			sourceTree = "<group>";
		};
		349A1A161CF659EB00DBD45F /* Supporting Files */ = {
			isa = PBXGroup;
			children = (
				349A1A171CF659EB00DBD45F /* main.m */,
			);
			name = "Supporting Files";
			sourceTree = "<group>";
		};
/* End PBXGroup section */

/* Begin PBXNativeTarget section */
		349A1A121CF659EB00DBD45F /* day3Assignment */ = {
			isa = PBXNativeTarget;
			buildConfigurationList = 349A1A2A1CF659EB00DBD45F /* Build configuration list for PBXNativeTarget "day3Assignment" */;
			buildPhases = (
				349A1A0F1CF659EB00DBD45F /* Sources */,
				349A1A101CF659EB00DBD45F /* Frameworks */,
				349A1A111CF659EB00DBD45F /* Resources */,
			);
			buildRules = (
			);
			dependencies = (
			);
			name = day3Assignment;
			productName = day3Assignment;
			productReference = 349A1A131CF659EB00DBD45F /* day3Assignment.app */;
			productType = "com.apple.product-type.application";
		};
/* End PBXNativeTarget section */

/* Begin PBXProject section */
		349A1A0B1CF659EB00DBD45F /* Project object */ = {
			isa = PBXProject;
			attributes = {
				LastUpgradeCheck = 0730;
				ORGANIZATIONNAME = FrostEnterprises;
				TargetAttributes = {
					349A1A121CF659EB00DBD45F = {
						CreatedOnToolsVersion = 7.3.1;
					};
				};
			};
			buildConfigurationList = 349A1A0E1CF659EB00DBD45F /* Build configuration list for PBXProject "day3Assignment" */;
			compatibilityVersion = "Xcode 3.2";
			developmentRegion = English;
			hasScannedForEncodings = 0;
			knownRegions = (
				en,
				Base,
			);
			mainGroup = 349A1A0A1CF659EB00DBD45F;
			productRefGroup = 349A1A141CF659EB00DBD45F /* Products */;
			projectDirPath = "";
			projectRoot = "";
			targets = (
				349A1A121CF659EB00DBD45F /* day3Assignment */,
			);
		};
/* End PBXProject section */

/* Begin PBXResourcesBuildPhase section */
		349A1A111CF659EB00DBD45F /* Resources */ = {
			isa = PBXResourcesBuildPhase;
			buildActionMask = 2147483647;
			files = (
				349A1A261CF659EB00DBD45F /* LaunchScreen.storyboard in Resources */,
				349A1A231CF659EB00DBD45F /* Assets.xcassets in Resources */,
				349A1A211CF659EB00DBD45F /* Main.storyboard in Resources */,
			);
			runOnlyForDeploymentPostprocessing = 0;
		};
/* End PBXResourcesBuildPhase section */

/* Begin PBXSourcesBuildPhase section */
		349A1A0F1CF659EB00DBD45F /* Sources */ = {
			isa = PBXSourcesBuildPhase;
			buildActionMask = 2147483647;
			files = (
				349A1A1E1CF659EB00DBD45F /* ViewController.m in Sources */,
				349A1A1B1CF659EB00DBD45F /* AppDelegate.m in Sources */,
				349A1A181CF659EB00DBD45F /* main.m in Sources */,
			);
			runOnlyForDeploymentPostprocessing = 0;
		};
/* End PBXSourcesBuildPhase section */

/* Begin PBXVariantGroup section */
		349A1A1F1CF659EB00DBD45F /* Main.storyboard */ = {
			isa = PBXVariantGroup;
			children = (
				349A1A201CF659EB00DBD45F /* Base */,
			);
			name = Main.storyboard;
			sourceTree = "<group>";
		};
		349A1A241CF659EB00DBD45F /* LaunchScreen.storyboard */ = {
			isa = PBXVariantGroup;
			children = (
				349A1A251CF659EB00DBD45F /* Base */,
			);
			name = LaunchScreen.storyboard;
			sourceTree = "<group>";
		};
/* End PBXVariantGroup section */

/* Begin XCBuildConfiguration section */
		349A1A281CF659EB00DBD45F /* Debug */ = {
			isa = XCBuildConfiguration;
			buildSettings = {
				ALWAYS_SEARCH_USER_PATHS = NO;
				CLANG_ANALYZER_NONNULL = YES;
				CLANG_CXX_LANGUAGE_STANDARD = "gnu++0x";
				CLANG_CXX_LIBRARY = "libc++";
				CLANG_ENABLE_MODULES = YES;
				CLANG_ENABLE_OBJC_ARC = YES;
				CLANG_WARN_BOOL_CONVERSION = YES;
				CLANG_WARN_CONSTANT_CONVERSION = YES;
				CLANG_WARN_DIRECT_OBJC_ISA_USAGE = YES_ERROR;
				CLANG_WARN_EMPTY_BODY = YES;
				CLANG_WARN_ENUM_CONVERSION = YES;
				CLANG_WARN_INT_CONVERSION = YES;
				CLANG_WARN_OBJC_ROOT_CLASS = YES_ERROR;
				CLANG_WARN_UNREACHABLE_CODE = YES;
				CLANG_WARN__DUPLICATE_METHOD_MATCH = YES;
				"CODE_SIGN_IDENTITY[sdk=iphoneos*]" = "iPhone Developer";
				COPY_PHASE_STRIP = NO;
				DEBUG_INFORMATION_FORMAT = dwarf;
				ENABLE_STRICT_OBJC_MSGSEND = YES;
				ENABLE_TESTABILITY = YES;
				GCC_C_LANGUAGE_STANDARD = gnu99;
				GCC_DYNAMIC_NO_PIC = NO;
				GCC_NO_COMMON_BLOCKS = YES;
				GCC_OPTIMIZATION_LEVEL = 0;
				GCC_PREPROCESSOR_DEFINITIONS = (
					"DEBUG=1",
					"$(inherited)",
				);
				GCC_WARN_64_TO_32_BIT_CONVERSION = YES;
				GCC_WARN_ABOUT_RETURN_TYPE = YES_ERROR;
				GCC_WARN_UNDECLARED_SELECTOR = YES;
				GCC_WARN_UNINITIALIZED_AUTOS = YES_AGGRESSIVE;
				GCC_WARN_UNUSED_FUNCTION = YES;
				GCC_WARN_UNUSED_VARIABLE = YES;
				IPHONEOS_DEPLOYMENT_TARGET = 9.3;
				MTL_ENABLE_DEBUG_INFO = YES;
				ONLY_ACTIVE_ARCH = YES;
				SDKROOT = iphoneos;
			};
			name = Debug;
		};
		349A1A291CF659EB00DBD45F /* Release */ = {
			isa = XCBuildConfiguration;
			buildSettings = {
				ALWAYS_SEARCH_USER_PATHS = NO;
				CLANG_ANALYZER_NONNULL = YES;
				CLANG_CXX_LANGUAGE_STANDARD = "gnu++0x";
				CLANG_CXX_LIBRARY = "libc++";
				CLANG_ENABLE_MODULES = YES;
				CLANG_ENABLE_OBJC_ARC = YES;
				CLANG_WARN_BOOL_CONVERSION = YES;
				CLANG_WARN_CONSTANT_CONVERSION = YES;
				CLANG_WARN_DIRECT_OBJC_ISA_USAGE = YES_ERROR;
				CLANG_WARN_EMPTY_BODY = YES;
				CLANG_WARN_ENUM_CONVERSION = YES;
				CLANG_WARN_INT_CONVERSION = YES;
				CLANG_WARN_OBJC_ROOT_CLASS = YES_ERROR;
				CLANG_WARN_UNREACHABLE_CODE = YES;
				CLANG_WARN__DUPLICATE_METHOD_MATCH = YES;
				"CODE_SIGN_IDENTITY[sdk=iphoneos*]" = "iPhone Developer";
				COPY_PHASE_STRIP = NO;
				DEBUG_INFORMATION_FORMAT = "dwarf-with-dsym";
				ENABLE_NS_ASSERTIONS = NO;
				ENABLE_STRICT_OBJC_MSGSEND = YES;
				GCC_C_LANGUAGE_STANDARD = gnu99;
				GCC_NO_COMMON_BLOCKS = YES;
				GCC_WARN_64_TO_32_BIT_CONVERSION = YES;
				GCC_WARN_ABOUT_RETURN_TYPE = YES_ERROR;
				GCC_WARN_UNDECLARED_SELECTOR = YES;
				GCC_WARN_UNINITIALIZED_AUTOS = YES_AGGRESSIVE;
				GCC_WARN_UNUSED_FUNCTION = YES;
				GCC_WARN_UNUSED_VARIABLE = YES;
				IPHONEOS_DEPLOYMENT_TARGET = 9.3;
				MTL_ENABLE_DEBUG_INFO = NO;
				SDKROOT = iphoneos;
				VALIDATE_PRODUCT = YES;
			};
			name = Release;
		};
		349A1A2B1CF659EB00DBD45F /* Debug */ = {
			isa = XCBuildConfiguration;
			buildSettings = {
				ASSETCATALOG_COMPILER_APPICON_NAME = AppIcon;
				INFOPLIST_FILE = day3Assignment/Info.plist;
				LD_RUNPATH_SEARCH_PATHS = "$(inherited) @executable_path/Frameworks";
				PRODUCT_BUNDLE_IDENTIFIER = com.FrostEnterprises.day3Assignment;
				PRODUCT_NAME = "$(TARGET_NAME)";
			};
			name = Debug;
		};
		349A1A2C1CF659EB00DBD45F /* Release */ = {
			isa = XCBuildConfiguration;
			buildSettings = {
				ASSETCATALOG_COMPILER_APPICON_NAME = AppIcon;
				INFOPLIST_FILE = day3Assignment/Info.plist;
				LD_RUNPATH_SEARCH_PATHS = "$(inherited) @executable_path/Frameworks";
				PRODUCT_BUNDLE_IDENTIFIER = com.FrostEnterprises.day3Assignment;
				PRODUCT_NAME = "$(TARGET_NAME)";
			};
			name = Release;
		};
/* End XCBuildConfiguration section */

/* Begin XCConfigurationList section */
		349A1A0E1CF659EB00DBD45F /* Build configuration list for PBXProject "day3Assignment" */ = {
			isa = XCConfigurationList;
			buildConfigurations = (
				349A1A281CF659EB00DBD45F /* Debug */,
				349A1A291CF659EB00DBD45F /* Release */,
			);
			defaultConfigurationIsVisible = 0;
			defaultConfigurationName = Release;
		};
		349A1A2A1CF659EB00DBD45F /* Build configuration list for PBXNativeTarget "day3Assignment" */ = {
			isa = XCConfigurationList;
			buildConfigurations = (
				349A1A2B1CF659EB00DBD45F /* Debug */,
				349A1A2C1CF659EB00DBD45F /* Release */,
			);
			defaultConfigurationIsVisible = 0;
		};
/* End XCConfigurationList section */
	};
	rootObject = 349A1A0B1CF659EB00DBD45F /* Project object */;
}
